// !$*UTF8*$!
{
	archiveVersion = 1;
	classes = {
	};
	objectVersion = 56;
	objects = {

/* Begin PBXBuildFile section */
		654127982B221C8C007789E4 /* AppDelegate.swift in Sources */ = {isa = PBXBuildFile; fileRef = 654127972B221C8C007789E4 /* AppDelegate.swift */; };
		6541279E2B221C8C007789E4 /* GameScene.swift in Sources */ = {isa = PBXBuildFile; fileRef = 6541279D2B221C8C007789E4 /* GameScene.swift */; };
		654127A52B221C8C007789E4 /* Assets.xcassets in Resources */ = {isa = PBXBuildFile; fileRef = 654127A42B221C8C007789E4 /* Assets.xcassets */; };
		654F87B92B2AFFCF005DD4EA /* AtlantisText-Regular.ttf in Resources */ = {isa = PBXBuildFile; fileRef = 654F87B42B2AFFCF005DD4EA /* AtlantisText-Regular.ttf */; };
		654F87BA2B2AFFCF005DD4EA /* README.txt in Resources */ = {isa = PBXBuildFile; fileRef = 654F87B52B2AFFCF005DD4EA /* README.txt */; };
		654F87BB2B2AFFCF005DD4EA /* AtlantisText-Bold.ttf in Resources */ = {isa = PBXBuildFile; fileRef = 654F87B62B2AFFCF005DD4EA /* AtlantisText-Bold.ttf */; };
		654F87BC2B2AFFCF005DD4EA /* Atlantis-RegularSmallCaps.ttf in Resources */ = {isa = PBXBuildFile; fileRef = 654F87B72B2AFFCF005DD4EA /* Atlantis-RegularSmallCaps.ttf */; };
		654F87BD2B2AFFCF005DD4EA /* AtlantisHeadline-Bold.ttf in Resources */ = {isa = PBXBuildFile; fileRef = 654F87B82B2AFFCF005DD4EA /* AtlantisHeadline-Bold.ttf */; };
		654F87BF2B2B000E005DD4EA /* StartView.swift in Sources */ = {isa = PBXBuildFile; fileRef = 654F87BE2B2B000E005DD4EA /* StartView.swift */; };
		654F87C12B2B0017005DD4EA /* ChooseChar.swift in Sources */ = {isa = PBXBuildFile; fileRef = 654F87C02B2B0017005DD4EA /* ChooseChar.swift */; };
		654F87C32B2B0048005DD4EA /* Textures.swift in Sources */ = {isa = PBXBuildFile; fileRef = 654F87C22B2B0048005DD4EA /* Textures.swift */; };
		657DBF942B2358A20023AB98 /* Main.storyboard in Resources */ = {isa = PBXBuildFile; fileRef = 657DBF932B2358A20023AB98 /* Main.storyboard */; };
		7853FBFE2B276E63008B06D8 /* Arcade_GameLogic.swift in Sources */ = {isa = PBXBuildFile; fileRef = 7853FBFD2B276E63008B06D8 /* Arcade_GameLogic.swift */; };
		7853FC252B286F91008B06D8 /* GameDurationView.swift in Sources */ = {isa = PBXBuildFile; fileRef = 7853FC242B286F91008B06D8 /* GameDurationView.swift */; };
		7853FC272B286FB1008B06D8 /* GameScoreView.swift in Sources */ = {isa = PBXBuildFile; fileRef = 7853FC262B286FB1008B06D8 /* GameScoreView.swift */; };
		7853FC292B29A312008B06D8 /* ArcadeGameTemplateApp.swift in Sources */ = {isa = PBXBuildFile; fileRef = 7853FC282B29A312008B06D8 /* ArcadeGameTemplateApp.swift */; };
		7853FC2B2B29A37C008B06D8 /* ContentView.swift in Sources */ = {isa = PBXBuildFile; fileRef = 7853FC2A2B29A37C008B06D8 /* ContentView.swift */; };
		7853FC2D2B29A41D008B06D8 /* Constant.swift in Sources */ = {isa = PBXBuildFile; fileRef = 7853FC2C2B29A41D008B06D8 /* Constant.swift */; };
		7853FC2F2B29A477008B06D8 /* GameView.swift in Sources */ = {isa = PBXBuildFile; fileRef = 7853FC2E2B29A477008B06D8 /* GameView.swift */; };
		7853FC312B29A4F0008B06D8 /* GameOverView.swift in Sources */ = {isa = PBXBuildFile; fileRef = 7853FC302B29A4F0008B06D8 /* GameOverView.swift */; };
		F6BD3C662B2C44B8008F1830 /* Sissy That Walk.mp3 in Resources */ = {isa = PBXBuildFile; fileRef = F6BD3C652B2C44B8008F1830 /* Sissy That Walk.mp3 */; };
/* End PBXBuildFile section */

/* Begin PBXFileReference section */
		654127942B221C8C007789E4 /* Test2.app */ = {isa = PBXFileReference; explicitFileType = wrapper.application; includeInIndex = 0; path = Test2.app; sourceTree = BUILT_PRODUCTS_DIR; };
		654127972B221C8C007789E4 /* AppDelegate.swift */ = {isa = PBXFileReference; lastKnownFileType = sourcecode.swift; path = AppDelegate.swift; sourceTree = "<group>"; };
		6541279D2B221C8C007789E4 /* GameScene.swift */ = {isa = PBXFileReference; lastKnownFileType = sourcecode.swift; path = GameScene.swift; sourceTree = "<group>"; };
		654127A42B221C8C007789E4 /* Assets.xcassets */ = {isa = PBXFileReference; lastKnownFileType = folder.assetcatalog; path = Assets.xcassets; sourceTree = "<group>"; };
		654F87B22B2AFF9B005DD4EA /* Info.plist */ = {isa = PBXFileReference; lastKnownFileType = text.plist; path = Info.plist; sourceTree = "<group>"; };
		654F87B42B2AFFCF005DD4EA /* AtlantisText-Regular.ttf */ = {isa = PBXFileReference; lastKnownFileType = file; path = "AtlantisText-Regular.ttf"; sourceTree = "<group>"; };
		654F87B52B2AFFCF005DD4EA /* README.txt */ = {isa = PBXFileReference; fileEncoding = 4; lastKnownFileType = text; path = README.txt; sourceTree = "<group>"; };
		654F87B62B2AFFCF005DD4EA /* AtlantisText-Bold.ttf */ = {isa = PBXFileReference; lastKnownFileType = file; path = "AtlantisText-Bold.ttf"; sourceTree = "<group>"; };
		654F87B72B2AFFCF005DD4EA /* Atlantis-RegularSmallCaps.ttf */ = {isa = PBXFileReference; lastKnownFileType = file; path = "Atlantis-RegularSmallCaps.ttf"; sourceTree = "<group>"; };
		654F87B82B2AFFCF005DD4EA /* AtlantisHeadline-Bold.ttf */ = {isa = PBXFileReference; lastKnownFileType = file; path = "AtlantisHeadline-Bold.ttf"; sourceTree = "<group>"; };
		654F87BE2B2B000E005DD4EA /* StartView.swift */ = {isa = PBXFileReference; fileEncoding = 4; lastKnownFileType = sourcecode.swift; path = StartView.swift; sourceTree = "<group>"; };
		654F87C02B2B0017005DD4EA /* ChooseChar.swift */ = {isa = PBXFileReference; fileEncoding = 4; lastKnownFileType = sourcecode.swift; path = ChooseChar.swift; sourceTree = "<group>"; };
		654F87C22B2B0048005DD4EA /* Textures.swift */ = {isa = PBXFileReference; fileEncoding = 4; lastKnownFileType = sourcecode.swift; path = Textures.swift; sourceTree = "<group>"; };
		657DBF932B2358A20023AB98 /* Main.storyboard */ = {isa = PBXFileReference; fileEncoding = 4; lastKnownFileType = file.storyboard; path = Main.storyboard; sourceTree = "<group>"; };
		7853FBFD2B276E63008B06D8 /* Arcade_GameLogic.swift */ = {isa = PBXFileReference; lastKnownFileType = sourcecode.swift; path = Arcade_GameLogic.swift; sourceTree = "<group>"; };
		7853FC242B286F91008B06D8 /* GameDurationView.swift */ = {isa = PBXFileReference; lastKnownFileType = sourcecode.swift; path = GameDurationView.swift; sourceTree = "<group>"; };
		7853FC262B286FB1008B06D8 /* GameScoreView.swift */ = {isa = PBXFileReference; lastKnownFileType = sourcecode.swift; path = GameScoreView.swift; sourceTree = "<group>"; };
		7853FC282B29A312008B06D8 /* ArcadeGameTemplateApp.swift */ = {isa = PBXFileReference; lastKnownFileType = sourcecode.swift; path = ArcadeGameTemplateApp.swift; sourceTree = "<group>"; };
		7853FC2A2B29A37C008B06D8 /* ContentView.swift */ = {isa = PBXFileReference; lastKnownFileType = sourcecode.swift; path = ContentView.swift; sourceTree = "<group>"; };
		7853FC2C2B29A41D008B06D8 /* Constant.swift */ = {isa = PBXFileReference; lastKnownFileType = sourcecode.swift; path = Constant.swift; sourceTree = "<group>"; };
		7853FC2E2B29A477008B06D8 /* GameView.swift */ = {isa = PBXFileReference; lastKnownFileType = sourcecode.swift; path = GameView.swift; sourceTree = "<group>"; };
		7853FC302B29A4F0008B06D8 /* GameOverView.swift */ = {isa = PBXFileReference; lastKnownFileType = sourcecode.swift; path = GameOverView.swift; sourceTree = "<group>"; };
		F6BD3C652B2C44B8008F1830 /* Sissy That Walk.mp3 */ = {isa = PBXFileReference; lastKnownFileType = audio.mp3; path = "Sissy That Walk.mp3"; sourceTree = "<group>"; };
/* End PBXFileReference section */

/* Begin PBXFrameworksBuildPhase section */
		654127912B221C8B007789E4 /* Frameworks */ = {
			isa = PBXFrameworksBuildPhase;
			buildActionMask = 2147483647;
			files = (
			);
			runOnlyForDeploymentPostprocessing = 0;
		};
/* End PBXFrameworksBuildPhase section */

/* Begin PBXGroup section */
		6541278B2B221C8B007789E4 = {
			isa = PBXGroup;
			children = (
				654127962B221C8C007789E4 /* Test2 */,
				654F87B32B2AFFCF005DD4EA /* atlantis */,
				654127952B221C8C007789E4 /* Products */,
			);
			sourceTree = "<group>";
		};
		654127952B221C8C007789E4 /* Products */ = {
			isa = PBXGroup;
			children = (
				654127942B221C8C007789E4 /* Test2.app */,
			);
			name = Products;
			sourceTree = "<group>";
		};
		654127962B221C8C007789E4 /* Test2 */ = {
			isa = PBXGroup;
			children = (
				654F87B22B2AFF9B005DD4EA /* Info.plist */,
				7853FC282B29A312008B06D8 /* ArcadeGameTemplateApp.swift */,
				654127972B221C8C007789E4 /* AppDelegate.swift */,
				7853FC2A2B29A37C008B06D8 /* ContentView.swift */,
				654F87C02B2B0017005DD4EA /* ChooseChar.swift */,
				7853FC2E2B29A477008B06D8 /* GameView.swift */,
				6541279D2B221C8C007789E4 /* GameScene.swift */,
				654F87C22B2B0048005DD4EA /* Textures.swift */,
				654127A42B221C8C007789E4 /* Assets.xcassets */,
				657DBF932B2358A20023AB98 /* Main.storyboard */,
				654F87BE2B2B000E005DD4EA /* StartView.swift */,
				7853FC242B286F91008B06D8 /* GameDurationView.swift */,
				7853FC262B286FB1008B06D8 /* GameScoreView.swift */,
				7853FBFD2B276E63008B06D8 /* Arcade_GameLogic.swift */,
				7853FC2C2B29A41D008B06D8 /* Constant.swift */,
				7853FC302B29A4F0008B06D8 /* GameOverView.swift */,
				F6BD3C652B2C44B8008F1830 /* Sissy That Walk.mp3 */,
			);
			path = Test2;
			sourceTree = "<group>";
		};
		654F87B32B2AFFCF005DD4EA /* atlantis */ = {
			isa = PBXGroup;
			children = (
				654F87B42B2AFFCF005DD4EA /* AtlantisText-Regular.ttf */,
				654F87B52B2AFFCF005DD4EA /* README.txt */,
				654F87B62B2AFFCF005DD4EA /* AtlantisText-Bold.ttf */,
				654F87B72B2AFFCF005DD4EA /* Atlantis-RegularSmallCaps.ttf */,
				654F87B82B2AFFCF005DD4EA /* AtlantisHeadline-Bold.ttf */,
			);
			path = atlantis;
			sourceTree = "<group>";
		};
/* End PBXGroup section */

/* Begin PBXNativeTarget section */
		654127932B221C8B007789E4 /* Test2 */ = {
			isa = PBXNativeTarget;
			buildConfigurationList = 654127AB2B221C8C007789E4 /* Build configuration list for PBXNativeTarget "Test2" */;
			buildPhases = (
				654127902B221C8B007789E4 /* Sources */,
				654127912B221C8B007789E4 /* Frameworks */,
				654127922B221C8B007789E4 /* Resources */,
			);
			buildRules = (
			);
			dependencies = (
			);
			name = Test2;
			productName = Test2;
			productReference = 654127942B221C8C007789E4 /* Test2.app */;
			productType = "com.apple.product-type.application";
		};
/* End PBXNativeTarget section */

/* Begin PBXProject section */
		6541278C2B221C8B007789E4 /* Project object */ = {
			isa = PBXProject;
			attributes = {
				BuildIndependentTargetsInParallel = 1;
				LastSwiftUpdateCheck = 1500;
				LastUpgradeCheck = 1500;
				TargetAttributes = {
					654127932B221C8B007789E4 = {
						CreatedOnToolsVersion = 15.0.1;
					};
				};
			};
			buildConfigurationList = 6541278F2B221C8B007789E4 /* Build configuration list for PBXProject "Test2" */;
			compatibilityVersion = "Xcode 14.0";
			developmentRegion = en;
			hasScannedForEncodings = 0;
			knownRegions = (
				en,
				Base,
			);
			mainGroup = 6541278B2B221C8B007789E4;
			productRefGroup = 654127952B221C8C007789E4 /* Products */;
			projectDirPath = "";
			projectRoot = "";
			targets = (
				654127932B221C8B007789E4 /* Test2 */,
			);
		};
/* End PBXProject section */

/* Begin PBXResourcesBuildPhase section */
		654127922B221C8B007789E4 /* Resources */ = {
			isa = PBXResourcesBuildPhase;
			buildActionMask = 2147483647;
			files = (
				654F87BC2B2AFFCF005DD4EA /* Atlantis-RegularSmallCaps.ttf in Resources */,
				654F87BB2B2AFFCF005DD4EA /* AtlantisText-Bold.ttf in Resources */,
				654F87B92B2AFFCF005DD4EA /* AtlantisText-Regular.ttf in Resources */,
				657DBF942B2358A20023AB98 /* Main.storyboard in Resources */,
				F6BD3C662B2C44B8008F1830 /* Sissy That Walk.mp3 in Resources */,
				654127A52B221C8C007789E4 /* Assets.xcassets in Resources */,
				654F87BD2B2AFFCF005DD4EA /* AtlantisHeadline-Bold.ttf in Resources */,
				654F87BA2B2AFFCF005DD4EA /* README.txt in Resources */,
			);
			runOnlyForDeploymentPostprocessing = 0;
		};
/* End PBXResourcesBuildPhase section */

/* Begin PBXSourcesBuildPhase section */
		654127902B221C8B007789E4 /* Sources */ = {
			isa = PBXSourcesBuildPhase;
			buildActionMask = 2147483647;
			files = (
				654F87C12B2B0017005DD4EA /* ChooseChar.swift in Sources */,
				7853FBFE2B276E63008B06D8 /* Arcade_GameLogic.swift in Sources */,
				6541279E2B221C8C007789E4 /* GameScene.swift in Sources */,
				7853FC292B29A312008B06D8 /* ArcadeGameTemplateApp.swift in Sources */,
				7853FC2B2B29A37C008B06D8 /* ContentView.swift in Sources */,
				654127982B221C8C007789E4 /* AppDelegate.swift in Sources */,
				7853FC2D2B29A41D008B06D8 /* Constant.swift in Sources */,
				7853FC252B286F91008B06D8 /* GameDurationView.swift in Sources */,
				7853FC2F2B29A477008B06D8 /* GameView.swift in Sources */,
				654F87C32B2B0048005DD4EA /* Textures.swift in Sources */,
				7853FC312B29A4F0008B06D8 /* GameOverView.swift in Sources */,
				7853FC272B286FB1008B06D8 /* GameScoreView.swift in Sources */,
				654F87BF2B2B000E005DD4EA /* StartView.swift in Sources */,
			);
			runOnlyForDeploymentPostprocessing = 0;
		};
/* End PBXSourcesBuildPhase section */

/* Begin XCBuildConfiguration section */
		654127A92B221C8C007789E4 /* Debug */ = {
			isa = XCBuildConfiguration;
			buildSettings = {
				ALWAYS_SEARCH_USER_PATHS = NO;
				ASSETCATALOG_COMPILER_GENERATE_SWIFT_ASSET_SYMBOL_EXTENSIONS = YES;
				CLANG_ANALYZER_NONNULL = YES;
				CLANG_ANALYZER_NUMBER_OBJECT_CONVERSION = YES_AGGRESSIVE;
				CLANG_CXX_LANGUAGE_STANDARD = "gnu++20";
				CLANG_ENABLE_MODULES = YES;
				CLANG_ENABLE_OBJC_ARC = YES;
				CLANG_ENABLE_OBJC_WEAK = YES;
				CLANG_WARN_BLOCK_CAPTURE_AUTORELEASING = YES;
				CLANG_WARN_BOOL_CONVERSION = YES;
				CLANG_WARN_COMMA = YES;
				CLANG_WARN_CONSTANT_CONVERSION = YES;
				CLANG_WARN_DEPRECATED_OBJC_IMPLEMENTATIONS = YES;
				CLANG_WARN_DIRECT_OBJC_ISA_USAGE = YES_ERROR;
				CLANG_WARN_DOCUMENTATION_COMMENTS = YES;
				CLANG_WARN_EMPTY_BODY = YES;
				CLANG_WARN_ENUM_CONVERSION = YES;
				CLANG_WARN_INFINITE_RECURSION = YES;
				CLANG_WARN_INT_CONVERSION = YES;
				CLANG_WARN_NON_LITERAL_NULL_CONVERSION = YES;
				CLANG_WARN_OBJC_IMPLICIT_RETAIN_SELF = YES;
				CLANG_WARN_OBJC_LITERAL_CONVERSION = YES;
				CLANG_WARN_OBJC_ROOT_CLASS = YES_ERROR;
				CLANG_WARN_QUOTED_INCLUDE_IN_FRAMEWORK_HEADER = YES;
				CLANG_WARN_RANGE_LOOP_ANALYSIS = YES;
				CLANG_WARN_STRICT_PROTOTYPES = YES;
				CLANG_WARN_SUSPICIOUS_MOVE = YES;
				CLANG_WARN_UNGUARDED_AVAILABILITY = YES_AGGRESSIVE;
				CLANG_WARN_UNREACHABLE_CODE = YES;
				CLANG_WARN__DUPLICATE_METHOD_MATCH = YES;
				COPY_PHASE_STRIP = NO;
				DEBUG_INFORMATION_FORMAT = dwarf;
				ENABLE_STRICT_OBJC_MSGSEND = YES;
				ENABLE_TESTABILITY = YES;
				ENABLE_USER_SCRIPT_SANDBOXING = YES;
				GCC_C_LANGUAGE_STANDARD = gnu17;
				GCC_DYNAMIC_NO_PIC = NO;
				GCC_NO_COMMON_BLOCKS = YES;
				GCC_OPTIMIZATION_LEVEL = 0;
				GCC_PREPROCESSOR_DEFINITIONS = (
					"DEBUG=1",
					"$(inherited)",
				);
				GCC_WARN_64_TO_32_BIT_CONVERSION = YES;
				GCC_WARN_ABOUT_RETURN_TYPE = YES_ERROR;
				GCC_WARN_UNDECLARED_SELECTOR = YES;
				GCC_WARN_UNINITIALIZED_AUTOS = YES_AGGRESSIVE;
				GCC_WARN_UNUSED_FUNCTION = YES;
				GCC_WARN_UNUSED_VARIABLE = YES;
				IPHONEOS_DEPLOYMENT_TARGET = 17.0;
				LOCALIZATION_PREFERS_STRING_CATALOGS = YES;
				MTL_ENABLE_DEBUG_INFO = INCLUDE_SOURCE;
				MTL_FAST_MATH = YES;
				ONLY_ACTIVE_ARCH = YES;
				SDKROOT = iphoneos;
				SWIFT_ACTIVE_COMPILATION_CONDITIONS = "DEBUG $(inherited)";
				SWIFT_OPTIMIZATION_LEVEL = "-Onone";
			};
			name = Debug;
		};
		654127AA2B221C8C007789E4 /* Release */ = {
			isa = XCBuildConfiguration;
			buildSettings = {
				ALWAYS_SEARCH_USER_PATHS = NO;
				ASSETCATALOG_COMPILER_GENERATE_SWIFT_ASSET_SYMBOL_EXTENSIONS = YES;
				CLANG_ANALYZER_NONNULL = YES;
				CLANG_ANALYZER_NUMBER_OBJECT_CONVERSION = YES_AGGRESSIVE;
				CLANG_CXX_LANGUAGE_STANDARD = "gnu++20";
				CLANG_ENABLE_MODULES = YES;
				CLANG_ENABLE_OBJC_ARC = YES;
				CLANG_ENABLE_OBJC_WEAK = YES;
				CLANG_WARN_BLOCK_CAPTURE_AUTORELEASING = YES;
				CLANG_WARN_BOOL_CONVERSION = YES;
				CLANG_WARN_COMMA = YES;
				CLANG_WARN_CONSTANT_CONVERSION = YES;
				CLANG_WARN_DEPRECATED_OBJC_IMPLEMENTATIONS = YES;
				CLANG_WARN_DIRECT_OBJC_ISA_USAGE = YES_ERROR;
				CLANG_WARN_DOCUMENTATION_COMMENTS = YES;
				CLANG_WARN_EMPTY_BODY = YES;
				CLANG_WARN_ENUM_CONVERSION = YES;
				CLANG_WARN_INFINITE_RECURSION = YES;
				CLANG_WARN_INT_CONVERSION = YES;
				CLANG_WARN_NON_LITERAL_NULL_CONVERSION = YES;
				CLANG_WARN_OBJC_IMPLICIT_RETAIN_SELF = YES;
				CLANG_WARN_OBJC_LITERAL_CONVERSION = YES;
				CLANG_WARN_OBJC_ROOT_CLASS = YES_ERROR;
				CLANG_WARN_QUOTED_INCLUDE_IN_FRAMEWORK_HEADER = YES;
				CLANG_WARN_RANGE_LOOP_ANALYSIS = YES;
				CLANG_WARN_STRICT_PROTOTYPES = YES;
				CLANG_WARN_SUSPICIOUS_MOVE = YES;
				CLANG_WARN_UNGUARDED_AVAILABILITY = YES_AGGRESSIVE;
				CLANG_WARN_UNREACHABLE_CODE = YES;
				CLANG_WARN__DUPLICATE_METHOD_MATCH = YES;
				COPY_PHASE_STRIP = NO;
				DEBUG_INFORMATION_FORMAT = "dwarf-with-dsym";
				ENABLE_NS_ASSERTIONS = NO;
				ENABLE_STRICT_OBJC_MSGSEND = YES;
				ENABLE_USER_SCRIPT_SANDBOXING = YES;
				GCC_C_LANGUAGE_STANDARD = gnu17;
				GCC_NO_COMMON_BLOCKS = YES;
				GCC_WARN_64_TO_32_BIT_CONVERSION = YES;
				GCC_WARN_ABOUT_RETURN_TYPE = YES_ERROR;
				GCC_WARN_UNDECLARED_SELECTOR = YES;
				GCC_WARN_UNINITIALIZED_AUTOS = YES_AGGRESSIVE;
				GCC_WARN_UNUSED_FUNCTION = YES;
				GCC_WARN_UNUSED_VARIABLE = YES;
				IPHONEOS_DEPLOYMENT_TARGET = 17.0;
				LOCALIZATION_PREFERS_STRING_CATALOGS = YES;
				MTL_ENABLE_DEBUG_INFO = NO;
				MTL_FAST_MATH = YES;
				SDKROOT = iphoneos;
				SWIFT_COMPILATION_MODE = wholemodule;
				VALIDATE_PRODUCT = YES;
			};
			name = Release;
		};
		654127AC2B221C8C007789E4 /* Debug */ = {
			isa = XCBuildConfiguration;
			buildSettings = {
				ASSETCATALOG_COMPILER_APPICON_NAME = AppIcon;
				ASSETCATALOG_COMPILER_GLOBAL_ACCENT_COLOR_NAME = AccentColor;
				CODE_SIGN_STYLE = Automatic;
				CURRENT_PROJECT_VERSION = 1;
				DEVELOPMENT_TEAM = SFL626YUT9;
				GENERATE_INFOPLIST_FILE = YES;
				INFOPLIST_FILE = Test2/Info.plist;
				INFOPLIST_KEY_UIApplicationSupportsIndirectInputEvents = YES;
				INFOPLIST_KEY_UILaunchStoryboardName = Main.storyboard;
				INFOPLIST_KEY_UIMainStoryboardFile = Main;
				INFOPLIST_KEY_UIStatusBarHidden = YES;
				INFOPLIST_KEY_UISupportedInterfaceOrientations = "UIInterfaceOrientationLandscapeLeft UIInterfaceOrientationLandscapeRight";
				INFOPLIST_KEY_UISupportedInterfaceOrientations_iPad = "UIInterfaceOrientationLandscapeLeft UIInterfaceOrientationLandscapeRight UIInterfaceOrientationPortraitUpsideDown";
				LD_RUNPATH_SEARCH_PATHS = (
					"$(inherited)",
					"@executable_path/Frameworks",
				);
				MARKETING_VERSION = 1.0;
				PRODUCT_BUNDLE_IDENTIFIER = om.YatziriPineda.NegroniChallenge;
				PRODUCT_NAME = "$(TARGET_NAME)";
				SWIFT_EMIT_LOC_STRINGS = YES;
				SWIFT_VERSION = 5.0;
				TARGETED_DEVICE_FAMILY = "1,2";
			};
			name = Debug;
		};
		654127AD2B221C8C007789E4 /* Release */ = {
			isa = XCBuildConfiguration;
			buildSettings = {
				ASSETCATALOG_COMPILER_APPICON_NAME = AppIcon;
				ASSETCATALOG_COMPILER_GLOBAL_ACCENT_COLOR_NAME = AccentColor;
				CODE_SIGN_STYLE = Automatic;
				CURRENT_PROJECT_VERSION = 1;
				DEVELOPMENT_TEAM = SFL626YUT9;
				GENERATE_INFOPLIST_FILE = YES;
				INFOPLIST_FILE = Test2/Info.plist;
				INFOPLIST_KEY_UIApplicationSupportsIndirectInputEvents = YES;
				INFOPLIST_KEY_UILaunchStoryboardName = Main.storyboard;
				INFOPLIST_KEY_UIMainStoryboardFile = Main;
				INFOPLIST_KEY_UIStatusBarHidden = YES;
				INFOPLIST_KEY_UISupportedInterfaceOrientations = "UIInterfaceOrientationLandscapeLeft UIInterfaceOrientationLandscapeRight";
				INFOPLIST_KEY_UISupportedInterfaceOrientations_iPad = "UIInterfaceOrientationLandscapeLeft UIInterfaceOrientationLandscapeRight UIInterfaceOrientationPortraitUpsideDown";
				LD_RUNPATH_SEARCH_PATHS = (
					"$(inherited)",
					"@executable_path/Frameworks",
				);
				MARKETING_VERSION = 1.0;
				PRODUCT_BUNDLE_IDENTIFIER = om.YatziriPineda.NegroniChallenge;
				PRODUCT_NAME = "$(TARGET_NAME)";
				SWIFT_EMIT_LOC_STRINGS = YES;
				SWIFT_VERSION = 5.0;
				TARGETED_DEVICE_FAMILY = "1,2";
			};
			name = Release;
		};
/* End XCBuildConfiguration section */

/* Begin XCConfigurationList section */
		6541278F2B221C8B007789E4 /* Build configuration list for PBXProject "Test2" */ = {
			isa = XCConfigurationList;
			buildConfigurations = (
				654127A92B221C8C007789E4 /* Debug */,
				654127AA2B221C8C007789E4 /* Release */,
			);
			defaultConfigurationIsVisible = 0;
			defaultConfigurationName = Release;
		};
		654127AB2B221C8C007789E4 /* Build configuration list for PBXNativeTarget "Test2" */ = {
			isa = XCConfigurationList;
			buildConfigurations = (
				654127AC2B221C8C007789E4 /* Debug */,
				654127AD2B221C8C007789E4 /* Release */,
			);
			defaultConfigurationIsVisible = 0;
			defaultConfigurationName = Release;
		};
/* End XCConfigurationList section */
	};
	rootObject = 6541278C2B221C8B007789E4 /* Project object */;
}
